
Microsoft Visual Studio Solution File, Format Version 12.00
# Visual Studio 15
VisualStudioVersion = 15.0.28307.572
MinimumVisualStudioVersion = 10.0.40219.1
Project("{FAE04EC0-301F-11D3-BF4B-00C04F79EFBC}") = "maps.Android", "maps\maps.Android\maps.Android.csproj", "{1D7CF7BB-C425-433F-BBFE-280D79D06306}"
EndProject
Project("{FAE04EC0-301F-11D3-BF4B-00C04F79EFBC}") = "maps.iOS", "maps\maps.iOS\maps.iOS.csproj", "{BFD0AAB0-1D41-4964-B010-4742D929A7C1}"
EndProject
Project("{FAE04EC0-301F-11D3-BF4B-00C04F79EFBC}") = "maps", "maps\maps\maps.csproj", "{3E92C701-5863-450B-A2E0-44B3B6350814}"
EndProject
Global
	GlobalSection(SolutionConfigurationPlatforms) = preSolution
		Ad-Hoc|Any CPU = Ad-Hoc|Any CPU
		Ad-Hoc|iPhone = Ad-Hoc|iPhone
		Ad-Hoc|iPhoneSimulator = Ad-Hoc|iPhoneSimulator
		AppStore|Any CPU = AppStore|Any CPU
		AppStore|iPhone = AppStore|iPhone
		AppStore|iPhoneSimulator = AppStore|iPhoneSimulator
		Debug|Any CPU = Debug|Any CPU
		Debug|iPhone = Debug|iPhone
		Debug|iPhoneSimulator = Debug|iPhoneSimulator
		Release|Any CPU = Release|Any CPU
		Release|iPhone = Release|iPhone
		Release|iPhoneSimulator = Release|iPhoneSimulator
	EndGlobalSection
	GlobalSection(ProjectConfigurationPlatforms) = postSolution
		{1D7CF7BB-C425-433F-BBFE-280D79D06306}.Ad-Hoc|Any CPU.ActiveCfg = Release|Any CPU
		{1D7CF7BB-C425-433F-BBFE-280D79D06306}.Ad-Hoc|Any CPU.Build.0 = Release|Any CPU
		{1D7CF7BB-C425-433F-BBFE-280D79D06306}.Ad-Hoc|Any CPU.Deploy.0 = Release|Any CPU
		{1D7CF7BB-C425-433F-BBFE-280D79D06306}.Ad-Hoc|iPhone.ActiveCfg = Release|Any CPU
		{1D7CF7BB-C425-433F-BBFE-280D79D06306}.Ad-Hoc|iPhone.Build.0 = Release|Any CPU
		{1D7CF7BB-C425-433F-BBFE-280D79D06306}.Ad-Hoc|iPhone.Deploy.0 = Release|Any CPU
		{1D7CF7BB-C425-433F-BBFE-280D79D06306}.Ad-Hoc|iPhoneSimulator.ActiveCfg = Release|Any CPU
		{1D7CF7BB-C425-433F-BBFE-280D79D06306}.Ad-Hoc|iPhoneSimulator.Build.0 = Release|Any CPU
		{1D7CF7BB-C425-433F-BBFE-280D79D06306}.Ad-Hoc|iPhoneSimulator.Deploy.0 = Release|Any CPU
		{1D7CF7BB-C425-433F-BBFE-280D79D06306}.AppStore|Any CPU.ActiveCfg = Release|Any CPU
		{1D7CF7BB-C425-433F-BBFE-280D79D06306}.AppStore|Any CPU.Build.0 = Release|Any CPU
		{1D7CF7BB-C425-433F-BBFE-280D79D06306}.AppStore|Any CPU.Deploy.0 = Release|Any CPU
		{1D7CF7BB-C425-433F-BBFE-280D79D06306}.AppStore|iPhone.ActiveCfg = Release|Any CPU
		{1D7CF7BB-C425-433F-BBFE-280D79D06306}.AppStore|iPhone.Build.0 = Release|Any CPU
		{1D7CF7BB-C425-433F-BBFE-280D79D06306}.AppStore|iPhone.Deploy.0 = Release|Any CPU
		{1D7CF7BB-C425-433F-BBFE-280D79D06306}.AppStore|iPhoneSimulator.ActiveCfg = Release|Any CPU
		{1D7CF7BB-C425-433F-BBFE-280D79D06306}.AppStore|iPhoneSimulator.Build.0 = Release|Any CPU
		{1D7CF7BB-C425-433F-BBFE-280D79D06306}.AppStore|iPhoneSimulator.Deploy.0 = Release|Any CPU
		{1D7CF7BB-C425-433F-BBFE-280D79D06306}.Debug|Any CPU.ActiveCfg = Debug|Any CPU
		{1D7CF7BB-C425-433F-BBFE-280D79D06306}.Debug|Any CPU.Build.0 = Debug|Any CPU
		{1D7CF7BB-C425-433F-BBFE-280D79D06306}.Debug|Any CPU.Deploy.0 = Debug|Any CPU
		{1D7CF7BB-C425-433F-BBFE-280D79D06306}.Debug|iPhone.ActiveCfg = Debug|Any CPU
		{1D7CF7BB-C425-433F-BBFE-280D79D06306}.Debug|iPhone.Build.0 = Debug|Any CPU
		{1D7CF7BB-C425-433F-BBFE-280D79D06306}.Debug|iPhone.Deploy.0 = Debug|Any CPU
		{1D7CF7BB-C425-433F-BBFE-280D79D06306}.Debug|iPhoneSimulator.ActiveCfg = Debug|Any CPU
		{1D7CF7BB-C425-433F-BBFE-280D79D06306}.Debug|iPhoneSimulator.Build.0 = Debug|Any CPU
		{1D7CF7BB-C425-433F-BBFE-280D79D06306}.Debug|iPhoneSimulator.Deploy.0 = Debug|Any CPU
		{1D7CF7BB-C425-433F-BBFE-280D79D06306}.Release|Any CPU.ActiveCfg = Release|Any CPU
		{1D7CF7BB-C425-433F-BBFE-280D79D06306}.Release|Any CPU.Build.0 = Release|Any CPU
		{1D7CF7BB-C425-433F-BBFE-280D79D06306}.Release|Any CPU.Deploy.0 = Release|Any CPU
		{1D7CF7BB-C425-433F-BBFE-280D79D06306}.Release|iPhone.ActiveCfg = Release|Any CPU
		{1D7CF7BB-C425-433F-BBFE-280D79D06306}.Release|iPhone.Build.0 = Release|Any CPU
		{1D7CF7BB-C425-433F-BBFE-280D79D06306}.Release|iPhone.Deploy.0 = Release|Any CPU
		{1D7CF7BB-C425-433F-BBFE-280D79D06306}.Release|iPhoneSimulator.ActiveCfg = Release|Any CPU
		{1D7CF7BB-C425-433F-BBFE-280D79D06306}.Release|iPhoneSimulator.Build.0 = Release|Any CPU
		{1D7CF7BB-C425-433F-BBFE-280D79D06306}.Release|iPhoneSimulator.Deploy.0 = Release|Any CPU
		{BFD0AAB0-1D41-4964-B010-4742D929A7C1}.Ad-Hoc|Any CPU.ActiveCfg = Ad-Hoc|iPhone
		{BFD0AAB0-1D41-4964-B010-4742D929A7C1}.Ad-Hoc|Any CPU.Build.0 = Ad-Hoc|iPhone
		{BFD0AAB0-1D41-4964-B010-4742D929A7C1}.Ad-Hoc|Any CPU.Deploy.0 = Ad-Hoc|iPhone
		{BFD0AAB0-1D41-4964-B010-4742D929A7C1}.Ad-Hoc|iPhone.ActiveCfg = Ad-Hoc|iPhone
		{BFD0AAB0-1D41-4964-B010-4742D929A7C1}.Ad-Hoc|iPhone.Build.0 = Ad-Hoc|iPhone
		{BFD0AAB0-1D41-4964-B010-4742D929A7C1}.Ad-Hoc|iPhone.Deploy.0 = Ad-Hoc|iPhone
		{BFD0AAB0-1D41-4964-B010-4742D929A7C1}.Ad-Hoc|iPhoneSimulator.ActiveCfg = Ad-Hoc|iPhoneSimulator
		{BFD0AAB0-1D41-4964-B010-4742D929A7C1}.Ad-Hoc|iPhoneSimulator.Build.0 = Ad-Hoc|iPhoneSimulator
		{BFD0AAB0-1D41-4964-B010-4742D929A7C1}.Ad-Hoc|iPhoneSimulator.Deploy.0 = Ad-Hoc|iPhoneSimulator
		{BFD0AAB0-1D41-4964-B010-4742D929A7C1}.AppStore|Any CPU.ActiveCfg = AppStore|iPhone
		{BFD0AAB0-1D41-4964-B010-4742D929A7C1}.AppStore|Any CPU.Build.0 = AppStore|iPhone
		{BFD0AAB0-1D41-4964-B010-4742D929A7C1}.AppStore|Any CPU.Deploy.0 = AppStore|iPhone
		{BFD0AAB0-1D41-4964-B010-4742D929A7C1}.AppStore|iPhone.ActiveCfg = AppStore|iPhone
		{BFD0AAB0-1D41-4964-B010-4742D929A7C1}.AppStore|iPhone.Build.0 = AppStore|iPhone
		{BFD0AAB0-1D41-4964-B010-4742D929A7C1}.AppStore|iPhone.Deploy.0 = AppStore|iPhone
		{BFD0AAB0-1D41-4964-B010-4742D929A7C1}.AppStore|iPhoneSimulator.ActiveCfg = AppStore|iPhoneSimulator
		{BFD0AAB0-1D41-4964-B010-4742D929A7C1}.AppStore|iPhoneSimulator.Build.0 = AppStore|iPhoneSimulator
		{BFD0AAB0-1D41-4964-B010-4742D929A7C1}.AppStore|iPhoneSimulator.Deploy.0 = AppStore|iPhoneSimulator
		{BFD0AAB0-1D41-4964-B010-4742D929A7C1}.Debug|Any CPU.ActiveCfg = Debug|iPhoneSimulator
		{BFD0AAB0-1D41-4964-B010-4742D929A7C1}.Debug|Any CPU.Build.0 = Debug|iPhoneSimulator
		{BFD0AAB0-1D41-4964-B010-4742D929A7C1}.Debug|Any CPU.Deploy.0 = Debug|iPhoneSimulator
		{BFD0AAB0-1D41-4964-B010-4742D929A7C1}.Debug|iPhone.ActiveCfg = Debug|iPhone
		{BFD0AAB0-1D41-4964-B010-4742D929A7C1}.Debug|iPhone.Build.0 = Debug|iPhone
		{BFD0AAB0-1D41-4964-B010-4742D929A7C1}.Debug|iPhone.Deploy.0 = Debug|iPhone
		{BFD0AAB0-1D41-4964-B010-4742D929A7C1}.Debug|iPhoneSimulator.ActiveCfg = Debug|iPhoneSimulator
		{BFD0AAB0-1D41-4964-B010-4742D929A7C1}.Debug|iPhoneSimulator.Build.0 = Debug|iPhoneSimulator
		{BFD0AAB0-1D41-4964-B010-4742D929A7C1}.Debug|iPhoneSimulator.Deploy.0 = Debug|iPhoneSimulator
		{BFD0AAB0-1D41-4964-B010-4742D929A7C1}.Release|Any CPU.ActiveCfg = Release|iPhone
		{BFD0AAB0-1D41-4964-B010-4742D929A7C1}.Release|Any CPU.Build.0 = Release|iPhone
		{BFD0AAB0-1D41-4964-B010-4742D929A7C1}.Release|Any CPU.Deploy.0 = Release|iPhone
		{BFD0AAB0-1D41-4964-B010-4742D929A7C1}.Release|iPhone.ActiveCfg = Release|iPhone
		{BFD0AAB0-1D41-4964-B010-4742D929A7C1}.Release|iPhone.Build.0 = Release|iPhone
		{BFD0AAB0-1D41-4964-B010-4742D929A7C1}.Release|iPhone.Deploy.0 = Release|iPhone
		{BFD0AAB0-1D41-4964-B010-4742D929A7C1}.Release|iPhoneSimulator.ActiveCfg = Release|iPhoneSimulator
		{BFD0AAB0-1D41-4964-B010-4742D929A7C1}.Release|iPhoneSimulator.Build.0 = Release|iPhoneSimulator
		{BFD0AAB0-1D41-4964-B010-4742D929A7C1}.Release|iPhoneSimulator.Deploy.0 = Release|iPhoneSimulator
		{3E92C701-5863-450B-A2E0-44B3B6350814}.Ad-Hoc|Any CPU.ActiveCfg = Debug|Any CPU
		{3E92C701-5863-450B-A2E0-44B3B6350814}.Ad-Hoc|Any CPU.Build.0 = Debug|Any CPU
		{3E92C701-5863-450B-A2E0-44B3B6350814}.Ad-Hoc|Any CPU.Deploy.0 = Debug|Any CPU
		{3E92C701-5863-450B-A2E0-44B3B6350814}.Ad-Hoc|iPhone.ActiveCfg = Debug|Any CPU
		{3E92C701-5863-450B-A2E0-44B3B6350814}.Ad-Hoc|iPhone.Build.0 = Debug|Any CPU
		{3E92C701-5863-450B-A2E0-44B3B6350814}.Ad-Hoc|iPhone.Deploy.0 = Debug|Any CPU
		{3E92C701-5863-450B-A2E0-44B3B6350814}.Ad-Hoc|iPhoneSimulator.ActiveCfg = Debug|Any CPU
		{3E92C701-5863-450B-A2E0-44B3B6350814}.Ad-Hoc|iPhoneSimulator.Build.0 = Debug|Any CPU
		{3E92C701-5863-450B-A2E0-44B3B6350814}.Ad-Hoc|iPhoneSimulator.Deploy.0 = Debug|Any CPU
		{3E92C701-5863-450B-A2E0-44B3B6350814}.AppStore|Any CPU.ActiveCfg = Debug|Any CPU
		{3E92C701-5863-450B-A2E0-44B3B6350814}.AppStore|Any CPU.Build.0 = Debug|Any CPU
		{3E92C701-5863-450B-A2E0-44B3B6350814}.AppStore|Any CPU.Deploy.0 = Debug|Any CPU
		{3E92C701-5863-450B-A2E0-44B3B6350814}.AppStore|iPhone.ActiveCfg = Debug|Any CPU
		{3E92C701-5863-450B-A2E0-44B3B6350814}.AppStore|iPhone.Build.0 = Debug|Any CPU
		{3E92C701-5863-450B-A2E0-44B3B6350814}.AppStore|iPhone.Deploy.0 = Debug|Any CPU
		{3E92C701-5863-450B-A2E0-44B3B6350814}.AppStore|iPhoneSimulator.ActiveCfg = Debug|Any CPU
		{3E92C701-5863-450B-A2E0-44B3B6350814}.AppStore|iPhoneSimulator.Build.0 = Debug|Any CPU
		{3E92C701-5863-450B-A2E0-44B3B6350814}.AppStore|iPhoneSimulator.Deploy.0 = Debug|Any CPU
		{3E92C701-5863-450B-A2E0-44B3B6350814}.Debug|Any CPU.ActiveCfg = Debug|Any CPU
		{3E92C701-5863-450B-A2E0-44B3B6350814}.Debug|Any CPU.Build.0 = Debug|Any CPU
		{3E92C701-5863-450B-A2E0-44B3B6350814}.Debug|Any CPU.Deploy.0 = Debug|Any CPU
		{3E92C701-5863-450B-A2E0-44B3B6350814}.Debug|iPhone.ActiveCfg = Debug|Any CPU
		{3E92C701-5863-450B-A2E0-44B3B6350814}.Debug|iPhone.Build.0 = Debug|Any CPU
		{3E92C701-5863-450B-A2E0-44B3B6350814}.Debug|iPhone.Deploy.0 = Debug|Any CPU
		{3E92C701-5863-450B-A2E0-44B3B6350814}.Debug|iPhoneSimulator.ActiveCfg = Debug|Any CPU
		{3E92C701-5863-450B-A2E0-44B3B6350814}.Debug|iPhoneSimulator.Build.0 = Debug|Any CPU
		{3E92C701-5863-450B-A2E0-44B3B6350814}.Debug|iPhoneSimulator.Deploy.0 = Debug|Any CPU
		{3E92C701-5863-450B-A2E0-44B3B6350814}.Release|Any CPU.ActiveCfg = Release|Any CPU
		{3E92C701-5863-450B-A2E0-44B3B6350814}.Release|Any CPU.Build.0 = Release|Any CPU
		{3E92C701-5863-450B-A2E0-44B3B6350814}.Release|Any CPU.Deploy.0 = Release|Any CPU
		{3E92C701-5863-450B-A2E0-44B3B6350814}.Release|iPhone.ActiveCfg = Release|Any CPU
		{3E92C701-5863-450B-A2E0-44B3B6350814}.Release|iPhone.Build.0 = Release|Any CPU
		{3E92C701-5863-450B-A2E0-44B3B6350814}.Release|iPhone.Deploy.0 = Release|Any CPU
		{3E92C701-5863-450B-A2E0-44B3B6350814}.Release|iPhoneSimulator.ActiveCfg = Release|Any CPU
		{3E92C701-5863-450B-A2E0-44B3B6350814}.Release|iPhoneSimulator.Build.0 = Release|Any CPU
		{3E92C701-5863-450B-A2E0-44B3B6350814}.Release|iPhoneSimulator.Deploy.0 = Release|Any CPU
	EndGlobalSection
	GlobalSection(SolutionProperties) = preSolution
		HideSolutionNode = FALSE
	EndGlobalSection
	GlobalSection(ExtensibilityGlobals) = postSolution
		SolutionGuid = {4999C4CD-6019-4528-A504-139E52DBD069}
	EndGlobalSection
EndGlobal
